{
  "lockfileVersion": 1,
  "configVersion": 1,
  "workspaces": {
    "": {
      "name": "@hraness/atet-web",
      "dependencies": {
        "posthog-js": "1.413.2",
      },
    },
  },
  "packages": {
    "@posthog/browser-common": ["@posthog/browser-common@0.4.0", "", { "dependencies": { "@posthog/core": "^1.46.8", "@posthog/types": "^1.402.0" } }, "sha512-W9DCGVks15docUMPvJ2nd8NS16Gn74bsGWuaeg31beEKFSjdW8wvnQ1ETY6WSql5pYxZb3GdJmEUZVVstKSrBQ=="],

    "@posthog/core": ["@posthog/core@1.48.5", "", { "dependencies": { "@posthog/types": "^1.405.0" } }, "sha512-ZE27PmVyPmw9wZOVVyn64uaTdqhopuwQfX7PzBpyCvsezuvNmrUHAMpJKkqOvaHxu7HeJt1jTQtjtTuwy+S7Og=="],

    "@posthog/types": ["@posthog/types@1.405.0", "", {}, "sha512-4rZ/taVXKQxs9Jrf7ZjlCRgrOSL69oKAgIWJQa5kRNJ6wll1UANbrJTSY+Su1e88LIG4zZVjKKKjyQHCkHdHcw=="],

    "@types/trusted-types": ["@types/trusted-types@2.0.7", "", {}, "sha512-ScaPdn1dQczgbl0QFTeTOmVHFULt394XJgOQNoyVhZ6r2vLnMLJfBPd53SB52T/3G36VI1/g2MZaX0cwDuXsfw=="],

    "core-js": ["core-js@3.50.0", "", {}, "sha512-BRWgOLKkFeCgRudR6zrs8p9XJZcE14grzKMMssoYrk6krtuEZ7MTKPIY5RzOnqsEKIR9kst7wNzphttraT+Yqw=="],

    "dompurify": ["dompurify@3.4.14", "", { "optionalDependencies": { "@types/trusted-types": "^2.0.7" } }, "sha512-dVoH9z+MY+C9IilgGCk3YfFqjLi3fChm2OiKJMzh6axrJ5qwxqWaZamgmHrpv22CN/KdbZJuGEGgfQoL00LTdg=="],

    "fflate": ["fflate@0.4.9", "", {}, "sha512-zdxgIEddhfsyCaWpJ2SdXEP8ZMrKJ6+5jl4OupODcywU0IhRk6gdXuVGcPICyfx2H97hVK7xmJtRLPjkxAX8Vw=="],

    "posthog-js": ["posthog-js@1.413.2", "", { "dependencies": { "@posthog/browser-common": "^0.4.0", "@posthog/core": "^1.46.8", "@posthog/types": "^1.402.1", "core-js": "^3.49.0", "dompurify": "^3.4.12", "fflate": "^0.4.8", "preact": "^10.29.3", "query-selector-shadow-dom": "^1.0.1", "web-vitals": "^5.3.0", "web-vitals-soft-navs": "npm:web-vitals@6.0.0" } }, "sha512-LddTVMdYFd0jB+p5h3ZHcho9mWNjgKn9QySCQt74iISKrmC3b7KzW2Q7W7aOF6m/NwK7NubIHqLujCER64gSRw=="],

    "preact": ["preact@10.29.8", "", { "peerDependencies": { "preact-render-to-string": ">=5" }, "optionalPeers": ["preact-render-to-string"] }, "sha512-ej2aVZ+vZ8WO7tvlQWRM9N63A0KzF9q4mWJfDUHgYaIofWY9hu74QdnQrjoPMmZi2/nZ5gN0bJCQF49xQqx09Q=="],

    "query-selector-shadow-dom": ["query-selector-shadow-dom@1.0.1", "", {}, "sha512-lT5yCqEBgfoMYpf3F2xQRK7zEr1rhIIZuceDK6+xRkJQ4NMbHTwXqk4NkwDwQMNqXgG9r9fyHnzwNVs6zV5KRw=="],

    "web-vitals": ["web-vitals@5.3.0", "", {}, "sha512-q6LWsLatGYZp5VGBIOvbTj6JBV2nOmC8KvWztXBmwJcfFAzhwKwbOxhUH306XY3CcaZDUlSmSuNPBsCn0bFu+g=="],

    "web-vitals-soft-navs": ["web-vitals@6.0.0", "", {}, "sha512-Guaibvy/+uNtL6Bsu4jmMJGzuSl91oeRH5iO9pPRbYftnFUr3yqT1TUNX/OE4o9HexuEMU3Kb/Wg7iKhlffZUA=="],
  }
}
